// !$*UTF8*$!
{
	archiveVersion = 1;
	classes = {
	};
	objectVersion = 50;
	objects = {

/* Begin PBXBuildFile section */
		4804852321C3B23400C1D46D /* ListTableViewCell2.swift in Sources */ = {isa = PBXBuildFile; fileRef = 4804852121C3B23400C1D46D /* ListTableViewCell2.swift */; };
		4804852421C3B23400C1D46D /* ListTableViewCell2.xib in Resources */ = {isa = PBXBuildFile; fileRef = 4804852221C3B23400C1D46D /* ListTableViewCell2.xib */; };
		481144DD2157A8CF00BF56EF /* yukichi.png in Resources */ = {isa = PBXBuildFile; fileRef = 481144DC2157A8CF00BF56EF /* yukichi.png */; };
		481144DF2157A98A00BF56EF /* firstViewController.swift in Sources */ = {isa = PBXBuildFile; fileRef = 481144DE2157A98A00BF56EF /* firstViewController.swift */; };
		481144E12157BCAD00BF56EF /* en.png in Resources */ = {isa = PBXBuildFile; fileRef = 481144E02157BCAD00BF56EF /* en.png */; };
		481144E32157C1E300BF56EF /* yajirushi.png in Resources */ = {isa = PBXBuildFile; fileRef = 481144E22157C1E200BF56EF /* yajirushi.png */; };
		481144E72157CD0700BF56EF /* camera.png in Resources */ = {isa = PBXBuildFile; fileRef = 481144E62157CD0700BF56EF /* camera.png */; };
		481144EF215872CC00BF56EF /* yukichi3.png in Resources */ = {isa = PBXBuildFile; fileRef = 481144EE215872CC00BF56EF /* yukichi3.png */; };
		481144F1215888A800BF56EF /* maru.png in Resources */ = {isa = PBXBuildFile; fileRef = 481144F0215888A800BF56EF /* maru.png */; };
		48A130582156077700FB5296 /* AppDelegate.swift in Sources */ = {isa = PBXBuildFile; fileRef = 48A130572156077700FB5296 /* AppDelegate.swift */; };
		48A1305A2156077700FB5296 /* hemkyakuViewController.swift in Sources */ = {isa = PBXBuildFile; fileRef = 48A130592156077700FB5296 /* hemkyakuViewController.swift */; };
		48A1305D2156077700FB5296 /* Main.storyboard in Resources */ = {isa = PBXBuildFile; fileRef = 48A1305B2156077700FB5296 /* Main.storyboard */; };
		48A1305F2156077B00FB5296 /* Assets.xcassets in Resources */ = {isa = PBXBuildFile; fileRef = 48A1305E2156077B00FB5296 /* Assets.xcassets */; };
		48A130622156077B00FB5296 /* LaunchScreen.storyboard in Resources */ = {isa = PBXBuildFile; fileRef = 48A130602156077B00FB5296 /* LaunchScreen.storyboard */; };
		48A1306D2156077B00FB5296 /* moneyTests.swift in Sources */ = {isa = PBXBuildFile; fileRef = 48A1306C2156077B00FB5296 /* moneyTests.swift */; };
		48A130782156077B00FB5296 /* moneyUITests.swift in Sources */ = {isa = PBXBuildFile; fileRef = 48A130772156077B00FB5296 /* moneyUITests.swift */; };
		48A1308621560CC100FB5296 /* nyuryokuViewController.swift in Sources */ = {isa = PBXBuildFile; fileRef = 48A1308521560CC100FB5296 /* nyuryokuViewController.swift */; };
		48A1308821560CD700FB5296 /* keiyakushoViewController.swift in Sources */ = {isa = PBXBuildFile; fileRef = 48A1308721560CD700FB5296 /* keiyakushoViewController.swift */; };
		48A130922156285600FB5296 /* itiranViewController.swift in Sources */ = {isa = PBXBuildFile; fileRef = 48A130912156285600FB5296 /* itiranViewController.swift */; };
		48A1309421571FB500FB5296 /* keiyakusho.png in Resources */ = {isa = PBXBuildFile; fileRef = 48A1309321571FB500FB5296 /* keiyakusho.png */; };
		48C31AC921E24DBB006CA3F8 /* yukiti2.png in Resources */ = {isa = PBXBuildFile; fileRef = 48C31AC821E24DBB006CA3F8 /* yukiti2.png */; };
		48C31B0B21F1D127006CA3F8 /* uzura.ttf in Resources */ = {isa = PBXBuildFile; fileRef = 48C31B0A21F1D08F006CA3F8 /* uzura.ttf */; };
		48CADF7A21A80F4B00A3DD51 /* finishedred.png in Resources */ = {isa = PBXBuildFile; fileRef = 48CADF7921A80F4B00A3DD51 /* finishedred.png */; };
		48CADF7C21A80FA900A3DD51 /* sumigreen.png in Resources */ = {isa = PBXBuildFile; fileRef = 48CADF7B21A80FA900A3DD51 /* sumigreen.png */; };
		48E919AE2157388D0012EC29 /* endmiku.png in Resources */ = {isa = PBXBuildFile; fileRef = 48E919AD2157388C0012EC29 /* endmiku.png */; };
/* End PBXBuildFile section */

/* Begin PBXContainerItemProxy section */
		48A130692156077B00FB5296 /* PBXContainerItemProxy */ = {
			isa = PBXContainerItemProxy;
			containerPortal = 48A1304C2156077600FB5296 /* Project object */;
			proxyType = 1;
			remoteGlobalIDString = 48A130532156077600FB5296;
			remoteInfo = money;
		};
		48A130742156077B00FB5296 /* PBXContainerItemProxy */ = {
			isa = PBXContainerItemProxy;
			containerPortal = 48A1304C2156077600FB5296 /* Project object */;
			proxyType = 1;
			remoteGlobalIDString = 48A130532156077600FB5296;
			remoteInfo = money;
		};
/* End PBXContainerItemProxy section */

/* Begin PBXFileReference section */
		4804852121C3B23400C1D46D /* ListTableViewCell2.swift */ = {isa = PBXFileReference; lastKnownFileType = sourcecode.swift; path = ListTableViewCell2.swift; sourceTree = "<group>"; };
		4804852221C3B23400C1D46D /* ListTableViewCell2.xib */ = {isa = PBXFileReference; lastKnownFileType = file.xib; path = ListTableViewCell2.xib; sourceTree = "<group>"; };
		481144DC2157A8CF00BF56EF /* yukichi.png */ = {isa = PBXFileReference; lastKnownFileType = image.png; path = yukichi.png; sourceTree = "<group>"; };
		481144DE2157A98A00BF56EF /* firstViewController.swift */ = {isa = PBXFileReference; lastKnownFileType = sourcecode.swift; path = firstViewController.swift; sourceTree = "<group>"; };
		481144E02157BCAD00BF56EF /* en.png */ = {isa = PBXFileReference; lastKnownFileType = image.png; path = en.png; sourceTree = "<group>"; };
		481144E22157C1E200BF56EF /* yajirushi.png */ = {isa = PBXFileReference; lastKnownFileType = image.png; path = yajirushi.png; sourceTree = "<group>"; };
		481144E62157CD0700BF56EF /* camera.png */ = {isa = PBXFileReference; lastKnownFileType = image.png; path = camera.png; sourceTree = "<group>"; };
		481144EE215872CC00BF56EF /* yukichi3.png */ = {isa = PBXFileReference; lastKnownFileType = image.png; path = yukichi3.png; sourceTree = "<group>"; };
		481144F0215888A800BF56EF /* maru.png */ = {isa = PBXFileReference; lastKnownFileType = image.png; path = maru.png; sourceTree = "<group>"; };
		48A130542156077600FB5296 /* money.app */ = {isa = PBXFileReference; explicitFileType = wrapper.application; includeInIndex = 0; path = money.app; sourceTree = BUILT_PRODUCTS_DIR; };
		48A130572156077700FB5296 /* AppDelegate.swift */ = {isa = PBXFileReference; lastKnownFileType = sourcecode.swift; path = AppDelegate.swift; sourceTree = "<group>"; };
		48A130592156077700FB5296 /* hemkyakuViewController.swift */ = {isa = PBXFileReference; lastKnownFileType = sourcecode.swift; path = hemkyakuViewController.swift; sourceTree = "<group>"; };
		48A1305C2156077700FB5296 /* Base */ = {isa = PBXFileReference; lastKnownFileType = file.storyboard; name = Base; path = Base.lproj/Main.storyboard; sourceTree = "<group>"; };
		48A1305E2156077B00FB5296 /* Assets.xcassets */ = {isa = PBXFileReference; lastKnownFileType = folder.assetcatalog; path = Assets.xcassets; sourceTree = "<group>"; };
		48A130612156077B00FB5296 /* Base */ = {isa = PBXFileReference; lastKnownFileType = file.storyboard; name = Base; path = Base.lproj/LaunchScreen.storyboard; sourceTree = "<group>"; };
		48A130632156077B00FB5296 /* Info.plist */ = {isa = PBXFileReference; lastKnownFileType = text.plist.xml; path = Info.plist; sourceTree = "<group>"; };
		48A130682156077B00FB5296 /* moneyTests.xctest */ = {isa = PBXFileReference; explicitFileType = wrapper.cfbundle; includeInIndex = 0; path = moneyTests.xctest; sourceTree = BUILT_PRODUCTS_DIR; };
		48A1306C2156077B00FB5296 /* moneyTests.swift */ = {isa = PBXFileReference; lastKnownFileType = sourcecode.swift; path = moneyTests.swift; sourceTree = "<group>"; };
		48A1306E2156077B00FB5296 /* Info.plist */ = {isa = PBXFileReference; lastKnownFileType = text.plist.xml; path = Info.plist; sourceTree = "<group>"; };
		48A130732156077B00FB5296 /* moneyUITests.xctest */ = {isa = PBXFileReference; explicitFileType = wrapper.cfbundle; includeInIndex = 0; path = moneyUITests.xctest; sourceTree = BUILT_PRODUCTS_DIR; };
		48A130772156077B00FB5296 /* moneyUITests.swift */ = {isa = PBXFileReference; lastKnownFileType = sourcecode.swift; path = moneyUITests.swift; sourceTree = "<group>"; };
		48A130792156077B00FB5296 /* Info.plist */ = {isa = PBXFileReference; lastKnownFileType = text.plist.xml; path = Info.plist; sourceTree = "<group>"; };
		48A1308521560CC100FB5296 /* nyuryokuViewController.swift */ = {isa = PBXFileReference; lastKnownFileType = sourcecode.swift; path = nyuryokuViewController.swift; sourceTree = "<group>"; };
		48A1308721560CD700FB5296 /* keiyakushoViewController.swift */ = {isa = PBXFileReference; lastKnownFileType = sourcecode.swift; path = keiyakushoViewController.swift; sourceTree = "<group>"; };
		48A130912156285600FB5296 /* itiranViewController.swift */ = {isa = PBXFileReference; lastKnownFileType = sourcecode.swift; path = itiranViewController.swift; sourceTree = "<group>"; };
		48A1309321571FB500FB5296 /* keiyakusho.png */ = {isa = PBXFileReference; lastKnownFileType = image.png; path = keiyakusho.png; sourceTree = "<group>"; };
		48C31AC821E24DBB006CA3F8 /* yukiti2.png */ = {isa = PBXFileReference; lastKnownFileType = image.png; path = yukiti2.png; sourceTree = "<group>"; };
		48C31B0A21F1D08F006CA3F8 /* uzura.ttf */ = {isa = PBXFileReference; lastKnownFileType = file; path = uzura.ttf; sourceTree = "<group>"; };
		48CADF7921A80F4B00A3DD51 /* finishedred.png */ = {isa = PBXFileReference; lastKnownFileType = image.png; path = finishedred.png; sourceTree = "<group>"; };
		48CADF7B21A80FA900A3DD51 /* sumigreen.png */ = {isa = PBXFileReference; lastKnownFileType = image.png; path = sumigreen.png; sourceTree = "<group>"; };
		48E919AD2157388C0012EC29 /* endmiku.png */ = {isa = PBXFileReference; lastKnownFileType = image.png; path = endmiku.png; sourceTree = "<group>"; };
/* End PBXFileReference section */

/* Begin PBXFrameworksBuildPhase section */
		48A130512156077600FB5296 /* Frameworks */ = {
			isa = PBXFrameworksBuildPhase;
			buildActionMask = 2147483647;
			files = (
			);
			runOnlyForDeploymentPostprocessing = 0;
		};
		48A130652156077B00FB5296 /* Frameworks */ = {
			isa = PBXFrameworksBuildPhase;
			buildActionMask = 2147483647;
			files = (
			);
			runOnlyForDeploymentPostprocessing = 0;
		};
		48A130702156077B00FB5296 /* Frameworks */ = {
			isa = PBXFrameworksBuildPhase;
			buildActionMask = 2147483647;
			files = (
			);
			runOnlyForDeploymentPostprocessing = 0;
		};
/* End PBXFrameworksBuildPhase section */

/* Begin PBXGroup section */
		48A1304B2156077600FB5296 = {
			isa = PBXGroup;
			children = (
				48A130562156077600FB5296 /* money */,
				48A1306B2156077B00FB5296 /* moneyTests */,
				48A130762156077B00FB5296 /* moneyUITests */,
				48A130552156077600FB5296 /* Products */,
			);
			sourceTree = "<group>";
		};
		48A130552156077600FB5296 /* Products */ = {
			isa = PBXGroup;
			children = (
				48A130542156077600FB5296 /* money.app */,
				48A130682156077B00FB5296 /* moneyTests.xctest */,
				48A130732156077B00FB5296 /* moneyUITests.xctest */,
			);
			name = Products;
			sourceTree = "<group>";
		};
		48A130562156077600FB5296 /* money */ = {
			isa = PBXGroup;
			children = (
				48C31AC821E24DBB006CA3F8 /* yukiti2.png */,
				48CADF7B21A80FA900A3DD51 /* sumigreen.png */,
				48CADF7921A80F4B00A3DD51 /* finishedred.png */,
				481144F0215888A800BF56EF /* maru.png */,
				481144EE215872CC00BF56EF /* yukichi3.png */,
				481144E62157CD0700BF56EF /* camera.png */,
				48C31B0A21F1D08F006CA3F8 /* uzura.ttf */,
				481144E22157C1E200BF56EF /* yajirushi.png */,
				481144E02157BCAD00BF56EF /* en.png */,
				481144DC2157A8CF00BF56EF /* yukichi.png */,
				48E919AD2157388C0012EC29 /* endmiku.png */,
				48A1309321571FB500FB5296 /* keiyakusho.png */,
				48A130572156077700FB5296 /* AppDelegate.swift */,
				48A1305B2156077700FB5296 /* Main.storyboard */,
				48A1305E2156077B00FB5296 /* Assets.xcassets */,
				48A130602156077B00FB5296 /* LaunchScreen.storyboard */,
				48A130632156077B00FB5296 /* Info.plist */,
				481144DE2157A98A00BF56EF /* firstViewController.swift */,
				48A130912156285600FB5296 /* itiranViewController.swift */,
				48A1308521560CC100FB5296 /* nyuryokuViewController.swift */,
				48A1308721560CD700FB5296 /* keiyakushoViewController.swift */,
				48A130592156077700FB5296 /* hemkyakuViewController.swift */,
				4804852121C3B23400C1D46D /* ListTableViewCell2.swift */,
				4804852221C3B23400C1D46D /* ListTableViewCell2.xib */,
			);
			path = money;
			sourceTree = "<group>";
		};
		48A1306B2156077B00FB5296 /* moneyTests */ = {
			isa = PBXGroup;
			children = (
				48A1306C2156077B00FB5296 /* moneyTests.swift */,
				48A1306E2156077B00FB5296 /* Info.plist */,
			);
			path = moneyTests;
			sourceTree = "<group>";
		};
		48A130762156077B00FB5296 /* moneyUITests */ = {
			isa = PBXGroup;
			children = (
				48A130772156077B00FB5296 /* moneyUITests.swift */,
				48A130792156077B00FB5296 /* Info.plist */,
			);
			path = moneyUITests;
			sourceTree = "<group>";
		};
/* End PBXGroup section */

/* Begin PBXNativeTarget section */
		48A130532156077600FB5296 /* money */ = {
			isa = PBXNativeTarget;
			buildConfigurationList = 48A1307C2156077B00FB5296 /* Build configuration list for PBXNativeTarget "money" */;
			buildPhases = (
				48A130502156077600FB5296 /* Sources */,
				48A130512156077600FB5296 /* Frameworks */,
				48A130522156077600FB5296 /* Resources */,
			);
			buildRules = (
			);
			dependencies = (
			);
			name = money;
			productName = money;
			productReference = 48A130542156077600FB5296 /* money.app */;
			productType = "com.apple.product-type.application";
		};
		48A130672156077B00FB5296 /* moneyTests */ = {
			isa = PBXNativeTarget;
			buildConfigurationList = 48A1307F2156077B00FB5296 /* Build configuration list for PBXNativeTarget "moneyTests" */;
			buildPhases = (
				48A130642156077B00FB5296 /* Sources */,
				48A130652156077B00FB5296 /* Frameworks */,
				48A130662156077B00FB5296 /* Resources */,
			);
			buildRules = (
			);
			dependencies = (
				48A1306A2156077B00FB5296 /* PBXTargetDependency */,
			);
			name = moneyTests;
			productName = moneyTests;
			productReference = 48A130682156077B00FB5296 /* moneyTests.xctest */;
			productType = "com.apple.product-type.bundle.unit-test";
		};
		48A130722156077B00FB5296 /* moneyUITests */ = {
			isa = PBXNativeTarget;
			buildConfigurationList = 48A130822156077B00FB5296 /* Build configuration list for PBXNativeTarget "moneyUITests" */;
			buildPhases = (
				48A1306F2156077B00FB5296 /* Sources */,
				48A130702156077B00FB5296 /* Frameworks */,
				48A130712156077B00FB5296 /* Resources */,
			);
			buildRules = (
			);
			dependencies = (
				48A130752156077B00FB5296 /* PBXTargetDependency */,
			);
			name = moneyUITests;
			productName = moneyUITests;
			productReference = 48A130732156077B00FB5296 /* moneyUITests.xctest */;
			productType = "com.apple.product-type.bundle.ui-testing";
		};
/* End PBXNativeTarget section */

/* Begin PBXProject section */
		48A1304C2156077600FB5296 /* Project object */ = {
			isa = PBXProject;
			attributes = {
				LastSwiftUpdateCheck = 0940;
				LastUpgradeCheck = 0940;
				ORGANIZATIONNAME = "横尾美空";
				TargetAttributes = {
					48A130532156077600FB5296 = {
						CreatedOnToolsVersion = 9.4.1;
					};
					48A130672156077B00FB5296 = {
						CreatedOnToolsVersion = 9.4.1;
						TestTargetID = 48A130532156077600FB5296;
					};
					48A130722156077B00FB5296 = {
						CreatedOnToolsVersion = 9.4.1;
						TestTargetID = 48A130532156077600FB5296;
					};
				};
			};
			buildConfigurationList = 48A1304F2156077600FB5296 /* Build configuration list for PBXProject "money" */;
			compatibilityVersion = "Xcode 9.3";
			developmentRegion = en;
			hasScannedForEncodings = 0;
			knownRegions = (
				en,
				Base,
			);
			mainGroup = 48A1304B2156077600FB5296;
			productRefGroup = 48A130552156077600FB5296 /* Products */;
			projectDirPath = "";
			projectRoot = "";
			targets = (
				48A130532156077600FB5296 /* money */,
				48A130672156077B00FB5296 /* moneyTests */,
				48A130722156077B00FB5296 /* moneyUITests */,
			);
		};
/* End PBXProject section */

/* Begin PBXResourcesBuildPhase section */
		48A130522156077600FB5296 /* Resources */ = {
			isa = PBXResourcesBuildPhase;
			buildActionMask = 2147483647;
			files = (
				48C31B0B21F1D127006CA3F8 /* uzura.ttf in Resources */,
				481144E32157C1E300BF56EF /* yajirushi.png in Resources */,
				48A130622156077B00FB5296 /* LaunchScreen.storyboard in Resources */,
				48E919AE2157388D0012EC29 /* endmiku.png in Resources */,
				48A1309421571FB500FB5296 /* keiyakusho.png in Resources */,
				481144DD2157A8CF00BF56EF /* yukichi.png in Resources */,
				48CADF7A21A80F4B00A3DD51 /* finishedred.png in Resources */,
				4804852421C3B23400C1D46D /* ListTableViewCell2.xib in Resources */,
				48A1305F2156077B00FB5296 /* Assets.xcassets in Resources */,
				48A1305D2156077700FB5296 /* Main.storyboard in Resources */,
				481144F1215888A800BF56EF /* maru.png in Resources */,
				481144E12157BCAD00BF56EF /* en.png in Resources */,
				481144E72157CD0700BF56EF /* camera.png in Resources */,
				481144EF215872CC00BF56EF /* yukichi3.png in Resources */,
				48CADF7C21A80FA900A3DD51 /* sumigreen.png in Resources */,
				48C31AC921E24DBB006CA3F8 /* yukiti2.png in Resources */,
			);
			runOnlyForDeploymentPostprocessing = 0;
		};
		48A130662156077B00FB5296 /* Resources */ = {
			isa = PBXResourcesBuildPhase;
			buildActionMask = 2147483647;
			files = (
			);
			runOnlyForDeploymentPostprocessing = 0;
		};
		48A130712156077B00FB5296 /* Resources */ = {
			isa = PBXResourcesBuildPhase;
			buildActionMask = 2147483647;
			files = (
			);
			runOnlyForDeploymentPostprocessing = 0;
		};
/* End PBXResourcesBuildPhase section */

/* Begin PBXSourcesBuildPhase section */
		48A130502156077600FB5296 /* Sources */ = {
			isa = PBXSourcesBuildPhase;
			buildActionMask = 2147483647;
			files = (
				48A1308621560CC100FB5296 /* nyuryokuViewController.swift in Sources */,
				48A1308821560CD700FB5296 /* keiyakushoViewController.swift in Sources */,
				48A130922156285600FB5296 /* itiranViewController.swift in Sources */,
				4804852321C3B23400C1D46D /* ListTableViewCell2.swift in Sources */,
				48A1305A2156077700FB5296 /* hemkyakuViewController.swift in Sources */,
				48A130582156077700FB5296 /* AppDelegate.swift in Sources */,
				481144DF2157A98A00BF56EF /* firstViewController.swift in Sources */,
			);
			runOnlyForDeploymentPostprocessing = 0;
		};
		48A130642156077B00FB5296 /* Sources */ = {
			isa = PBXSourcesBuildPhase;
			buildActionMask = 2147483647;
			files = (
				48A1306D2156077B00FB5296 /* moneyTests.swift in Sources */,
			);
			runOnlyForDeploymentPostprocessing = 0;
		};
		48A1306F2156077B00FB5296 /* Sources */ = {
			isa = PBXSourcesBuildPhase;
			buildActionMask = 2147483647;
			files = (
				48A130782156077B00FB5296 /* moneyUITests.swift in Sources */,
			);
			runOnlyForDeploymentPostprocessing = 0;
		};
/* End PBXSourcesBuildPhase section */

/* Begin PBXTargetDependency section */
		48A1306A2156077B00FB5296 /* PBXTargetDependency */ = {
			isa = PBXTargetDependency;
			target = 48A130532156077600FB5296 /* money */;
			targetProxy = 48A130692156077B00FB5296 /* PBXContainerItemProxy */;
		};
		48A130752156077B00FB5296 /* PBXTargetDependency */ = {
			isa = PBXTargetDependency;
			target = 48A130532156077600FB5296 /* money */;
			targetProxy = 48A130742156077B00FB5296 /* PBXContainerItemProxy */;
		};
/* End PBXTargetDependency section */

/* Begin PBXVariantGroup section */
		48A1305B2156077700FB5296 /* Main.storyboard */ = {
			isa = PBXVariantGroup;
			children = (
				48A1305C2156077700FB5296 /* Base */,
			);
			name = Main.storyboard;
			sourceTree = "<group>";
		};
		48A130602156077B00FB5296 /* LaunchScreen.storyboard */ = {
			isa = PBXVariantGroup;
			children = (
				48A130612156077B00FB5296 /* Base */,
			);
			name = LaunchScreen.storyboard;
			sourceTree = "<group>";
		};
/* End PBXVariantGroup section */

/* Begin XCBuildConfiguration section */
		48A1307A2156077B00FB5296 /* Debug */ = {
			isa = XCBuildConfiguration;
			buildSettings = {
				ALWAYS_SEARCH_USER_PATHS = NO;
				CLANG_ANALYZER_NONNULL = YES;
				CLANG_ANALYZER_NUMBER_OBJECT_CONVERSION = YES_AGGRESSIVE;
				CLANG_CXX_LANGUAGE_STANDARD = "gnu++14";
				CLANG_CXX_LIBRARY = "libc++";
				CLANG_ENABLE_MODULES = YES;
				CLANG_ENABLE_OBJC_ARC = YES;
				CLANG_ENABLE_OBJC_WEAK = YES;
				CLANG_WARN_BLOCK_CAPTURE_AUTORELEASING = YES;
				CLANG_WARN_BOOL_CONVERSION = YES;
				CLANG_WARN_COMMA = YES;
				CLANG_WARN_CONSTANT_CONVERSION = YES;
				CLANG_WARN_DEPRECATED_OBJC_IMPLEMENTATIONS = YES;
				CLANG_WARN_DIRECT_OBJC_ISA_USAGE = YES_ERROR;
				CLANG_WARN_DOCUMENTATION_COMMENTS = YES;
				CLANG_WARN_EMPTY_BODY = YES;
				CLANG_WARN_ENUM_CONVERSION = YES;
				CLANG_WARN_INFINITE_RECURSION = YES;
				CLANG_WARN_INT_CONVERSION = YES;
				CLANG_WARN_NON_LITERAL_NULL_CONVERSION = YES;
				CLANG_WARN_OBJC_IMPLICIT_RETAIN_SELF = YES;
				CLANG_WARN_OBJC_LITERAL_CONVERSION = YES;
				CLANG_WARN_OBJC_ROOT_CLASS = YES_ERROR;
				CLANG_WARN_RANGE_LOOP_ANALYSIS = YES;
				CLANG_WARN_STRICT_PROTOTYPES = YES;
				CLANG_WARN_SUSPICIOUS_MOVE = YES;
				CLANG_WARN_UNGUARDED_AVAILABILITY = YES_AGGRESSIVE;
				CLANG_WARN_UNREACHABLE_CODE = YES;
				CLANG_WARN__DUPLICATE_METHOD_MATCH = YES;
				CODE_SIGN_IDENTITY = "iPhone Developer";
				COPY_PHASE_STRIP = NO;
				DEBUG_INFORMATION_FORMAT = dwarf;
				ENABLE_STRICT_OBJC_MSGSEND = YES;
				ENABLE_TESTABILITY = YES;
				GCC_C_LANGUAGE_STANDARD = gnu11;
				GCC_DYNAMIC_NO_PIC = NO;
				GCC_NO_COMMON_BLOCKS = YES;
				GCC_OPTIMIZATION_LEVEL = 0;
				GCC_PREPROCESSOR_DEFINITIONS = (
					"DEBUG=1",
					"$(inherited)",
				);
				GCC_WARN_64_TO_32_BIT_CONVERSION = YES;
				GCC_WARN_ABOUT_RETURN_TYPE = YES_ERROR;
				GCC_WARN_UNDECLARED_SELECTOR = YES;
				GCC_WARN_UNINITIALIZED_AUTOS = YES_AGGRESSIVE;
				GCC_WARN_UNUSED_FUNCTION = YES;
				GCC_WARN_UNUSED_VARIABLE = YES;
				IPHONEOS_DEPLOYMENT_TARGET = 11.4;
				MTL_ENABLE_DEBUG_INFO = YES;
				ONLY_ACTIVE_ARCH = YES;
				SDKROOT = iphoneos;
				SWIFT_ACTIVE_COMPILATION_CONDITIONS = DEBUG;
				SWIFT_OPTIMIZATION_LEVEL = "-Onone";
			};
			name = Debug;
		};
		48A1307B2156077B00FB5296 /* Release */ = {
			isa = XCBuildConfiguration;
			buildSettings = {
				ALWAYS_SEARCH_USER_PATHS = NO;
				CLANG_ANALYZER_NONNULL = YES;
				CLANG_ANALYZER_NUMBER_OBJECT_CONVERSION = YES_AGGRESSIVE;
				CLANG_CXX_LANGUAGE_STANDARD = "gnu++14";
				CLANG_CXX_LIBRARY = "libc++";
				CLANG_ENABLE_MODULES = YES;
				CLANG_ENABLE_OBJC_ARC = YES;
				CLANG_ENABLE_OBJC_WEAK = YES;
				CLANG_WARN_BLOCK_CAPTURE_AUTORELEASING = YES;
				CLANG_WARN_BOOL_CONVERSION = YES;
				CLANG_WARN_COMMA = YES;
				CLANG_WARN_CONSTANT_CONVERSION = YES;
				CLANG_WARN_DEPRECATED_OBJC_IMPLEMENTATIONS = YES;
				CLANG_WARN_DIRECT_OBJC_ISA_USAGE = YES_ERROR;
				CLANG_WARN_DOCUMENTATION_COMMENTS = YES;
				CLANG_WARN_EMPTY_BODY = YES;
				CLANG_WARN_ENUM_CONVERSION = YES;
				CLANG_WARN_INFINITE_RECURSION = YES;
				CLANG_WARN_INT_CONVERSION = YES;
				CLANG_WARN_NON_LITERAL_NULL_CONVERSION = YES;
				CLANG_WARN_OBJC_IMPLICIT_RETAIN_SELF = YES;
				CLANG_WARN_OBJC_LITERAL_CONVERSION = YES;
				CLANG_WARN_OBJC_ROOT_CLASS = YES_ERROR;
				CLANG_WARN_RANGE_LOOP_ANALYSIS = YES;
				CLANG_WARN_STRICT_PROTOTYPES = YES;
				CLANG_WARN_SUSPICIOUS_MOVE = YES;
				CLANG_WARN_UNGUARDED_AVAILABILITY = YES_AGGRESSIVE;
				CLANG_WARN_UNREACHABLE_CODE = YES;
				CLANG_WARN__DUPLICATE_METHOD_MATCH = YES;
				CODE_SIGN_IDENTITY = "iPhone Developer";
				COPY_PHASE_STRIP = NO;
				DEBUG_INFORMATION_FORMAT = "dwarf-with-dsym";
				ENABLE_NS_ASSERTIONS = NO;
				ENABLE_STRICT_OBJC_MSGSEND = YES;
				GCC_C_LANGUAGE_STANDARD = gnu11;
				GCC_NO_COMMON_BLOCKS = YES;
				GCC_WARN_64_TO_32_BIT_CONVERSION = YES;
				GCC_WARN_ABOUT_RETURN_TYPE = YES_ERROR;
				GCC_WARN_UNDECLARED_SELECTOR = YES;
				GCC_WARN_UNINITIALIZED_AUTOS = YES_AGGRESSIVE;
				GCC_WARN_UNUSED_FUNCTION = YES;
				GCC_WARN_UNUSED_VARIABLE = YES;
				IPHONEOS_DEPLOYMENT_TARGET = 11.4;
				MTL_ENABLE_DEBUG_INFO = NO;
				SDKROOT = iphoneos;
				SWIFT_COMPILATION_MODE = wholemodule;
				SWIFT_OPTIMIZATION_LEVEL = "-O";
				VALIDATE_PRODUCT = YES;
			};
			name = Release;
		};
		48A1307D2156077B00FB5296 /* Debug */ = {
			isa = XCBuildConfiguration;
			buildSettings = {
				ASSETCATALOG_COMPILER_APPICON_NAME = AppIcon;
				CODE_SIGN_STYLE = Automatic;
				DEVELOPMENT_TEAM = 9JN8A4BJ2A;
				INFOPLIST_FILE = money/Info.plist;
				LD_RUNPATH_SEARCH_PATHS = (
					"$(inherited)",
					"@executable_path/Frameworks",
				);
				PRODUCT_BUNDLE_IDENTIFIER = happy.450.mikumiku.money99;
				PRODUCT_NAME = "$(TARGET_NAME)";
				SWIFT_VERSION = 4.2;
				TARGETED_DEVICE_FAMILY = "1,2";
			};
			name = Debug;
		};
		48A1307E2156077B00FB5296 /* Release */ = {
			isa = XCBuildConfiguration;
			buildSettings = {
				ASSETCATALOG_COMPILER_APPICON_NAME = AppIcon;
				CODE_SIGN_STYLE = Automatic;
				DEVELOPMENT_TEAM = 9JN8A4BJ2A;
				INFOPLIST_FILE = money/Info.plist;
				LD_RUNPATH_SEARCH_PATHS = (
					"$(inherited)",
					"@executable_path/Frameworks",
				);
				PRODUCT_BUNDLE_IDENTIFIER = happy.450.mikumiku.money99;
				PRODUCT_NAME = "$(TARGET_NAME)";
				SWIFT_VERSION = 4.2;
				TARGETED_DEVICE_FAMILY = "1,2";
			};
			name = Release;
		};
		48A130802156077B00FB5296 /* Debug */ = {
			isa = XCBuildConfiguration;
			buildSettings = {
				ALWAYS_EMBED_SWIFT_STANDARD_LIBRARIES = YES;
				BUNDLE_LOADER = "$(TEST_HOST)";
				CODE_SIGN_STYLE = Automatic;
				DEVELOPMENT_TEAM = 9JN8A4BJ2A;
				INFOPLIST_FILE = moneyTests/Info.plist;
				LD_RUNPATH_SEARCH_PATHS = (
					"$(inherited)",
					"@executable_path/Frameworks",
					"@loader_path/Frameworks",
				);
				PRODUCT_BUNDLE_IDENTIFIER = happy.450.mikumiku.moneyTests;
				PRODUCT_NAME = "$(TARGET_NAME)";
				SWIFT_VERSION = 4.0;
				TARGETED_DEVICE_FAMILY = "1,2";
				TEST_HOST = "$(BUILT_PRODUCTS_DIR)/money.app/money";
			};
			name = Debug;
		};
		48A130812156077B00FB5296 /* Release */ = {
			isa = XCBuildConfiguration;
			buildSettings = {
				ALWAYS_EMBED_SWIFT_STANDARD_LIBRARIES = YES;
				BUNDLE_LOADER = "$(TEST_HOST)";
				CODE_SIGN_STYLE = Automatic;
				DEVELOPMENT_TEAM = 9JN8A4BJ2A;
				INFOPLIST_FILE = moneyTests/Info.plist;
				LD_RUNPATH_SEARCH_PATHS = (
					"$(inherited)",
					"@executable_path/Frameworks",
					"@loader_path/Frameworks",
				);
				PRODUCT_BUNDLE_IDENTIFIER = happy.450.mikumiku.moneyTests;
				PRODUCT_NAME = "$(TARGET_NAME)";
				SWIFT_VERSION = 4.0;
				TARGETED_DEVICE_FAMILY = "1,2";
				TEST_HOST = "$(BUILT_PRODUCTS_DIR)/money.app/money";
			};
			name = Release;
		};
		48A130832156077B00FB5296 /* Debug */ = {
			isa = XCBuildConfiguration;
			buildSettings = {
				ALWAYS_EMBED_SWIFT_STANDARD_LIBRARIES = YES;
				CODE_SIGN_STYLE = Automatic;
				DEVELOPMENT_TEAM = 9JN8A4BJ2A;
				INFOPLIST_FILE = moneyUITests/Info.plist;
				LD_RUNPATH_SEARCH_PATHS = (
					"$(inherited)",
					"@executable_path/Frameworks",
					"@loader_path/Frameworks",
				);
				PRODUCT_BUNDLE_IDENTIFIER = happy.450.mikumiku.moneyUITests;
				PRODUCT_NAME = "$(TARGET_NAME)";
				SWIFT_VERSION = 4.0;
				TARGETED_DEVICE_FAMILY = "1,2";
				TEST_TARGET_NAME = money;
			};
			name = Debug;
		};
		48A130842156077B00FB5296 /* Release */ = {
			isa = XCBuildConfiguration;
			buildSettings = {
				ALWAYS_EMBED_SWIFT_STANDARD_LIBRARIES = YES;
				CODE_SIGN_STYLE = Automatic;
				DEVELOPMENT_TEAM = 9JN8A4BJ2A;
				INFOPLIST_FILE = moneyUITests/Info.plist;
				LD_RUNPATH_SEARCH_PATHS = (
					"$(inherited)",
					"@executable_path/Frameworks",
					"@loader_path/Frameworks",
				);
				PRODUCT_BUNDLE_IDENTIFIER = happy.450.mikumiku.moneyUITests;
				PRODUCT_NAME = "$(TARGET_NAME)";
				SWIFT_VERSION = 4.0;
				TARGETED_DEVICE_FAMILY = "1,2";
				TEST_TARGET_NAME = money;
			};
			name = Release;
		};
/* End XCBuildConfiguration section */

/* Begin XCConfigurationList section */
		48A1304F2156077600FB5296 /* Build configuration list for PBXProject "money" */ = {
			isa = XCConfigurationList;
			buildConfigurations = (
				48A1307A2156077B00FB5296 /* Debug */,
				48A1307B2156077B00FB5296 /* Release */,
			);
			defaultConfigurationIsVisible = 0;
			defaultConfigurationName = Release;
		};
		48A1307C2156077B00FB5296 /* Build configuration list for PBXNativeTarget "money" */ = {
			isa = XCConfigurationList;
			buildConfigurations = (
				48A1307D2156077B00FB5296 /* Debug */,
				48A1307E2156077B00FB5296 /* Release */,
			);
			defaultConfigurationIsVisible = 0;
			defaultConfigurationName = Release;
		};
		48A1307F2156077B00FB5296 /* Build configuration list for PBXNativeTarget "moneyTests" */ = {
			isa = XCConfigurationList;
			buildConfigurations = (
				48A130802156077B00FB5296 /* Debug */,
				48A130812156077B00FB5296 /* Release */,
			);
			defaultConfigurationIsVisible = 0;
			defaultConfigurationName = Release;
		};
		48A130822156077B00FB5296 /* Build configuration list for PBXNativeTarget "moneyUITests" */ = {
			isa = XCConfigurationList;
			buildConfigurations = (
				48A130832156077B00FB5296 /* Debug */,
				48A130842156077B00FB5296 /* Release */,
			);
			defaultConfigurationIsVisible = 0;
			defaultConfigurationName = Release;
		};
/* End XCConfigurationList section */
	};
	rootObject = 48A1304C2156077600FB5296 /* Project object */;
}
